
Microsoft Visual Studio Solution File, Format Version 12.00
# Visual Studio Version 16
VisualStudioVersion = 16.0.30621.155
MinimumVisualStudioVersion = 10.0.40219.1
Project("{FAE04EC0-301F-11D3-BF4B-00C04F79EFBC}") = "FinancialCrm", "FinancialCrm\FinancialCrm.csproj", "{C533556D-E66E-40DB-974F-FAFB941CAFDD}"
EndProject
Global
	GlobalSection(SolutionConfigurationPlatforms) = preSolution
		Debug|Any CPU = Debug|Any CPU
		Release|Any CPU = Release|Any CPU
	EndGlobalSection
	GlobalSection(ProjectConfigurationPlatforms) = postSolution
		{C533556D-E66E-40DB-974F-FAFB941CAFDD}.Debug|Any CPU.ActiveCfg = Debug|Any CPU
		{C533556D-E66E-40DB-974F-FAFB941CAFDD}.Debug|Any CPU.Build.0 = Debug|Any CPU
		{C533556D-E66E-40DB-974F-FAFB941CAFDD}.Release|Any CPU.ActiveCfg = Release|Any CPU
		{C533556D-E66E-40DB-974F-FAFB941CAFDD}.Release|Any CPU.Build.0 = Release|Any CPU
	EndGlobalSection
	GlobalSection(SolutionProperties) = preSolution
		HideSolutionNode = FALSE
	EndGlobalSection
	GlobalSection(ExtensibilityGlobals) = postSolution
		SolutionGuid = {6D3008C9-7886-4A13-9962-694AEC027554}
	EndGlobalSection
EndGlobal
